
Microsoft Visual Studio Solution File, Format Version 11.00
# Visual Studio 2010
Project("{8BC9CEB8-8B4A-11D0-8D11-00A0C91BC942}") = "matcher_simple", "matcher_simple\matcher_simple.vcxproj", "{42948C95-4935-443E-A2C9-8523C4304350}"
EndProject
Global
	GlobalSection(SolutionConfigurationPlatforms) = preSolution
		Debug|Itanium = Debug|Itanium
		Debug|Win32 = Debug|Win32
		Debug|x64 = Debug|x64
		Release|Itanium = Release|Itanium
		Release|Win32 = Release|Win32
		Release|x64 = Release|x64
	EndGlobalSection
	GlobalSection(ProjectConfigurationPlatforms) = postSolution
		{42948C95-4935-443E-A2C9-8523C4304350}.Debug|Itanium.ActiveCfg = Debug|Itanium
		{42948C95-4935-443E-A2C9-8523C4304350}.Debug|Itanium.Build.0 = Debug|Itanium
		{42948C95-4935-443E-A2C9-8523C4304350}.Debug|Win32.ActiveCfg = Debug|Win32
		{42948C95-4935-443E-A2C9-8523C4304350}.Debug|Win32.Build.0 = Debug|Win32
		{42948C95-4935-443E-A2C9-8523C4304350}.Debug|x64.ActiveCfg = Debug|x64
		{42948C95-4935-443E-A2C9-8523C4304350}.Debug|x64.Build.0 = Debug|x64
		{42948C95-4935-443E-A2C9-8523C4304350}.Release|Itanium.ActiveCfg = Release|x64
		{42948C95-4935-443E-A2C9-8523C4304350}.Release|Itanium.Build.0 = Release|x64
		{42948C95-4935-443E-A2C9-8523C4304350}.Release|Win32.ActiveCfg = Release|Win32
		{42948C95-4935-443E-A2C9-8523C4304350}.Release|Win32.Build.0 = Release|Win32
		{42948C95-4935-443E-A2C9-8523C4304350}.Release|x64.ActiveCfg = Release|x64
		{42948C95-4935-443E-A2C9-8523C4304350}.Release|x64.Build.0 = Release|x64
	EndGlobalSection
	GlobalSection(SolutionProperties) = preSolution
		HideSolutionNode = FALSE
	EndGlobalSection
EndGlobal
